
Microsoft Visual Studio Solution File, Format Version 12.00
# Visual Studio Version 16
VisualStudioVersion = 16.0.29418.71
MinimumVisualStudioVersion = 10.0.40219.1
Project("{8BC9CEB8-8B4A-11D0-8D11-00A0C91BC942}") = "lab2", "lab2\lab2.vcxproj", "{BE59C075-1F4D-49DE-9C6A-1F90AACFE8C1}"
	ProjectSection(ProjectDependencies) = postProject
		{58116B87-F282-42BB-9943-F5F8EB9FE835} = {58116B87-F282-42BB-9943-F5F8EB9FE835}
	EndProjectSection
EndProject
Project("{8BC9CEB8-8B4A-11D0-8D11-00A0C91BC942}") = "dl", "dl\dl.vcxproj", "{58116B87-F282-42BB-9943-F5F8EB9FE835}"
EndProject
Global
	GlobalSection(SolutionConfigurationPlatforms) = preSolution
		Debug|x64 = Debug|x64
		Debug|x86 = Debug|x86
		Release|x64 = Release|x64
		Release|x86 = Release|x86
	EndGlobalSection
	GlobalSection(ProjectConfigurationPlatforms) = postSolution
		{BE59C075-1F4D-49DE-9C6A-1F90AACFE8C1}.Debug|x64.ActiveCfg = Debug|x64
		{BE59C075-1F4D-49DE-9C6A-1F90AACFE8C1}.Debug|x64.Build.0 = Debug|x64
		{BE59C075-1F4D-49DE-9C6A-1F90AACFE8C1}.Debug|x86.ActiveCfg = Debug|Win32
		{BE59C075-1F4D-49DE-9C6A-1F90AACFE8C1}.Debug|x86.Build.0 = Debug|Win32
		{BE59C075-1F4D-49DE-9C6A-1F90AACFE8C1}.Release|x64.ActiveCfg = Release|x64
		{BE59C075-1F4D-49DE-9C6A-1F90AACFE8C1}.Release|x64.Build.0 = Release|x64
		{BE59C075-1F4D-49DE-9C6A-1F90AACFE8C1}.Release|x86.ActiveCfg = Release|Win32
		{BE59C075-1F4D-49DE-9C6A-1F90AACFE8C1}.Release|x86.Build.0 = Release|Win32
		{58116B87-F282-42BB-9943-F5F8EB9FE835}.Debug|x64.ActiveCfg = Debug|x64
		{58116B87-F282-42BB-9943-F5F8EB9FE835}.Debug|x64.Build.0 = Debug|x64
		{58116B87-F282-42BB-9943-F5F8EB9FE835}.Debug|x86.ActiveCfg = Debug|Win32
		{58116B87-F282-42BB-9943-F5F8EB9FE835}.Debug|x86.Build.0 = Debug|Win32
		{58116B87-F282-42BB-9943-F5F8EB9FE835}.Release|x64.ActiveCfg = Release|x64
		{58116B87-F282-42BB-9943-F5F8EB9FE835}.Release|x64.Build.0 = Release|x64
		{58116B87-F282-42BB-9943-F5F8EB9FE835}.Release|x86.ActiveCfg = Release|Win32
		{58116B87-F282-42BB-9943-F5F8EB9FE835}.Release|x86.Build.0 = Release|Win32
	EndGlobalSection
	GlobalSection(SolutionProperties) = preSolution
		HideSolutionNode = FALSE
	EndGlobalSection
	GlobalSection(ExtensibilityGlobals) = postSolution
		SolutionGuid = {938445A0-AB94-40E6-AECB-C6065CC008ED}
	EndGlobalSection
EndGlobal
